# THIS IS AN AUTOGENERATED FILE. DO NOT EDIT THIS FILE DIRECTLY.
# yarn lockfile v1


"@egjs/hammerjs@^2.0.15":
  version "2.0.17"
  resolved "https://registry.yarnpkg.com/@egjs/hammerjs/-/hammerjs-2.0.17.tgz#5dc02af75a6a06e4c2db0202cae38c9263895124"
  integrity sha512-XQsZgjm2EcVUiZQf11UBJQfmZeEmOW8DpI1gsFeln6w0ae0ii4dMQEQ0kjl6DspdWX1aGY1/loyXnP0JS06e/A==
  dependencies:
    "@types/hammerjs" "^2.0.36"

"@icons/material@^0.2.4":
  version "0.2.4"
  resolved "https://registry.yarnpkg.com/@icons/material/-/material-0.2.4.tgz#e90c9f71768b3736e76d7dd6783fc6c2afa88bc8"
  integrity sha512-QPcGmICAPbGLGb6F/yNf/KzKqvFx8z5qx3D1yFqVAjoFmXK35EgyW+cJ57Te3CNsmzblwtzakLGFqHPqrfb4Tw==

"@types/hammerjs@^2.0.36":
  version "2.0.36"
  resolved "https://registry.yarnpkg.com/@types/hammerjs/-/hammerjs-2.0.36.tgz#17ce0a235e9ffbcdcdf5095646b374c2bf615a4c"
  integrity sha512-7TUK/k2/QGpEAv/BCwSHlYu3NXZhQ9ZwBYpzr9tjlPIL2C5BeGhH3DmVavRx3ZNyELX5TLC91JTz/cen6AAtIQ==

"@types/node@*":
  version "13.7.1"
  resolved "https://registry.yarnpkg.com/@types/node/-/node-13.7.1.tgz#238eb34a66431b71d2aaddeaa7db166f25971a0d"
  integrity sha512-Zq8gcQGmn4txQEJeiXo/KiLpon8TzAl0kmKH4zdWctPj05nWwp1ClMdAVEloqrQKfaC48PNLdgN/aVaLqUrluA==

component-emitter@^1.3.0:
  version "1.3.0"
  resolved "https://registry.yarnpkg.com/component-emitter/-/component-emitter-1.3.0.tgz#16e4070fba8ae29b679f2215853ee181ab2eabc0"
  integrity sha512-Rd3se6QB+sO1TwqZjscQrurpEPIfO0/yYnSin6Q/rD3mOutHvUrCAhJub3r90uNb+SESBuE0QYoB90YdfatsRg==

"js-tokens@^3.0.0 || ^4.0.0":
  version "4.0.0"
  resolved "https://registry.yarnpkg.com/js-tokens/-/js-tokens-4.0.0.tgz#19203fb59991df98e3a287050d4647cdeaf32499"
  integrity sha512-RdJUflcE3cUzKiMqQgsCu06FPu9UdIJO0beYbPhHN4k6apgJtifcoCtT9bcxOpYBtpD2kCM6Sbzg4CausW/PKQ==

keycharm@^0.2.0:
  version "0.2.0"
  resolved "https://registry.yarnpkg.com/keycharm/-/keycharm-0.2.0.tgz#fa6ea2e43b90a68028843d27f2075d35a8c3e6f9"
  integrity sha1-+m6i5DuQpoAohD0n8gddNajD5vk=

lodash@^4.0.1, lodash@^4.17.11, lodash@^4.17.15:
  version "4.17.15"
  resolved "https://registry.yarnpkg.com/lodash/-/lodash-4.17.15.tgz#b447f6670a0455bbfeedd11392eff330ea097548"
  integrity sha512-8xOcRHvCjnocdS5cpwXQXVzmmh5e5+saE2QGoeQmbKmRS6J3VQppPOIt0MnmE+4xlZoumy0GPG0D0MVIQbNA1A==

loose-envify@^1.4.0:
  version "1.4.0"
  resolved "https://registry.yarnpkg.com/loose-envify/-/loose-envify-1.4.0.tgz#71ee51fa7be4caec1a63839f7e682d8132d30caf"
  integrity sha512-lyuxPGr/Wfhrlem2CL/UcnUc1zcqKAImBDzukY7Y5F/yQiNdko6+fRLevlw1HgMySw7f611UIY408EtxRSoK3Q==
  dependencies:
    js-tokens "^3.0.0 || ^4.0.0"

material-colors@^1.2.1:
  version "1.2.6"
  resolved "https://registry.yarnpkg.com/material-colors/-/material-colors-1.2.6.tgz#6d1958871126992ceecc72f4bcc4d8f010865f46"
  integrity sha512-6qE4B9deFBIa9YSpOc9O0Sgc43zTeVYbgDT5veRKSlB2+ZuHNoVVxA1L/ckMUayV9Ay9y7Z/SZCLcGteW9i7bg==

moment@2.24.0, moment@^2.24.0:
  version "2.24.0"
  resolved "https://registry.yarnpkg.com/moment/-/moment-2.24.0.tgz#0d055d53f5052aa653c9f6eb68bb5d12bf5c2b5b"
  integrity sha512-bV7f+6l2QigeBBZSM/6yTNq4P2fNpSWj/0e7jQcy87A8e7o2nAfP/34/2ky5Vw4B9S446EtIhodAzkFCcR4dQg==

object-assign@^4.1.1:
  version "4.1.1"
  resolved "https://registry.yarnpkg.com/object-assign/-/object-assign-4.1.1.tgz#2109adc7965887cfc05cbbd442cac8bfbb360863"
  integrity sha1-IQmtx5ZYh8/AXLvUQsrIv7s2CGM=

parse5@^3.0.2:
  version "3.0.3"
  resolved "https://registry.yarnpkg.com/parse5/-/parse5-3.0.3.tgz#042f792ffdd36851551cf4e9e066b3874ab45b5c"
  integrity sha512-rgO9Zg5LLLkfJF9E6CCmXlSE4UVceloys8JrFqCcHloC3usd/kJCyPDwH2SOlzix2j3xaP9sUX3e8+kvkuleAA==
  dependencies:
    "@types/node" "*"

prop-types@^15.5.10:
  version "15.7.2"
  resolved "https://registry.yarnpkg.com/prop-types/-/prop-types-15.7.2.tgz#52c41e75b8c87e72b9d9360e0206b99dcbffa6c5"
  integrity sha512-8QQikdH7//R2vurIJSutZ1smHYTcLpRWEOlHnzcWHmBYrOGUysKwSsrC89BCiFj3CbrfJ/nXFdJepOVrY1GCHQ==
  dependencies:
    loose-envify "^1.4.0"
    object-assign "^4.1.1"
    react-is "^16.8.1"

querystring@^0.2.0:
  version "0.2.0"
  resolved "https://registry.yarnpkg.com/querystring/-/querystring-0.2.0.tgz#b209849203bb25df820da756e747005878521620"
  integrity sha1-sgmEkgO7Jd+CDadW50cAWHhSFiA=

react-attr-converter@^0.3.1:
  version "0.3.1"
  resolved "https://registry.yarnpkg.com/react-attr-converter/-/react-attr-converter-0.3.1.tgz#4a2abf6d907b7ddae4d862dfec80e489ce41ad6e"
  integrity sha512-dSxo2Mn6Zx4HajeCeQNLefwEO4kNtV/0E682R1+ZTyFRPqxDa5zYb5qM/ocqw9Bxr/kFQO0IUiqdV7wdHw+Cdg==

react-color@^2.18.0:
  version "2.18.0"
  resolved "https://registry.yarnpkg.com/react-color/-/react-color-2.18.0.tgz#34956f0bac394f6c3bc01692fd695644cc775ffd"
  integrity sha512-FyVeU1kQiSokWc8NPz22azl1ezLpJdUyTbWL0LPUpcuuYDrZ/Y1veOk9rRK5B3pMlyDGvTk4f4KJhlkIQNRjEA==
  dependencies:
    "@icons/material" "^0.2.4"
    lodash "^4.17.11"
    material-colors "^1.2.1"
    prop-types "^15.5.10"
    reactcss "^1.2.0"
    tinycolor2 "^1.4.1"

react-graph-vis@^1.0.5:
  version "1.0.5"
  resolved "https://registry.yarnpkg.com/react-graph-vis/-/react-graph-vis-1.0.5.tgz#4aee3130db73a69a577a99e30a9126bd0e6d59cd"
  integrity sha512-y7+eHcwj7GryRoY+ZawwsDmS8OMeJ8Gpzmzejqwz+T2qg6IYTk1bod42H5g3J2zzHcPaqAZpwxZG3d3YB4nBwQ==
  dependencies:
    lodash "^4.17.15"
    prop-types "^15.5.10"
    uuid "^2.0.1"
    vis-network "^5.1.1"

react-is@^16.8.1:
  version "16.12.0"
  resolved "https://registry.yarnpkg.com/react-is/-/react-is-16.12.0.tgz#2cc0fe0fba742d97fd527c42a13bec4eeb06241c"
  integrity sha512-rPCkf/mWBtKc97aLL9/txD8DZdemK0vkA3JMLShjlJB3Pj3s+lpf1KaBzMfQrAmhMQB0n1cU/SUGgKKBCe837Q==

react-render-html@^0.6.0:
  version "0.6.0"
  resolved "https://registry.yarnpkg.com/react-render-html/-/react-render-html-0.6.0.tgz#1af51d859ed75474435a1c65c293a48e12c36627"
  integrity sha512-F9Xn8Iy2oJvepMdDrN+XUPOwqv3ni856ikuvu/dyJ2guozN01vF0C55Ja+CQfnziQNlLevSVXzuQKYa/mhyjAQ==
  dependencies:
    parse5 "^3.0.2"
    react-attr-converter "^0.3.1"

reactcss@^1.2.0:
  version "1.2.3"
  resolved "https://registry.yarnpkg.com/reactcss/-/reactcss-1.2.3.tgz#c00013875e557b1cf0dfd9a368a1c3dab3b548dd"
  integrity sha512-KiwVUcFu1RErkI97ywr8nvx8dNOpT03rbnma0SSalTYjkrPYaEajR4a/MRt6DZ46K6arDRbWMNHF+xH7G7n/8A==
  dependencies:
    lodash "^4.0.1"

timsort@^0.3.0:
  version "0.3.0"
  resolved "https://registry.yarnpkg.com/timsort/-/timsort-0.3.0.tgz#405411a8e7e6339fe64db9a234de11dc31e02bd4"
  integrity sha1-QFQRqOfmM5/mTbmiNN4R3DHgK9Q=

tinycolor2@^1.4.1:
  version "1.4.1"
  resolved "https://registry.yarnpkg.com/tinycolor2/-/tinycolor2-1.4.1.tgz#f4fad333447bc0b07d4dc8e9209d8f39a8ac77e8"
  integrity sha1-9PrTM0R7wLB9TcjpIJ2POaisd+g=

uuid@^2.0.1:
  version "2.0.3"
  resolved "https://registry.yarnpkg.com/uuid/-/uuid-2.0.3.tgz#67e2e863797215530dff318e5bf9dcebfd47b21a"
  integrity sha1-Z+LoY3lyFVMN/zGOW/nc6/1Hsho=

vis-data@^6.1.1:
  version "6.4.0"
  resolved "https://registry.yarnpkg.com/vis-data/-/vis-data-6.4.0.tgz#ba859838ea737dc63982142732b7535ac9f2040a"
  integrity sha512-2fW7ldbcUgmsJS5AYMKAebb84FV36n7/rF3WjiPTYBt+McpIY0f6+OmoHy9kSUaD/Ng8g9o3KcRWfxLFwJ3T4Q==
  optionalDependencies:
    vis-util "2.1.0"
    vis-uuid "1.1.4"

vis-network@^5.1.1:
  version "5.4.1"
  resolved "https://registry.yarnpkg.com/vis-network/-/vis-network-5.4.1.tgz#e0e33d23775e834f4cfd961bd7b92bf11df097c6"
  integrity sha512-hUJlFWoCmLup6IxoXCr//OO2ZCkC8jrXEkkHLG1DhBgB54Y3K33+e5q4tc436inMlGzfqqaKTIToNbOGr8Szww==
  dependencies:
    "@egjs/hammerjs" "^2.0.15"
    component-emitter "^1.3.0"
    keycharm "^0.2.0"
    moment "^2.24.0"
    timsort "^0.3.0"
    vis-data "^6.1.1"
    vis-util "^1.1.6"

vis-util@2.1.0:
  version "2.1.0"
  resolved "https://registry.yarnpkg.com/vis-util/-/vis-util-2.1.0.tgz#aa3e668aaf0cb36bec061efe5d0e95edcaefb303"
  integrity sha512-NIzlPTwjnW2l5SLUPnThBrcvg3iMYFyE8uWcl3OOa2jH9ypuH8Fq6ZFnOhxK9xWyUmn/mOviyLbFIRlEeMa6Qw==

vis-util@^1.1.6:
  version "1.1.10"
  resolved "https://registry.yarnpkg.com/vis-util/-/vis-util-1.1.10.tgz#1c0ebb17ad5139959122dcd12aae54a4e173846a"
  integrity sha512-8hGSxsFi2ogYYweClQyITzWnirWgQ8p0i9M4d3OXMuUO8vjXrf+2zHOYI9OZbtUduxAWuMEePnS9BXDtPJmJ7Q==
  dependencies:
    moment "2.24.0"
    vis-uuid "1.1.3"

vis-uuid@1.1.3:
  version "1.1.3"
  resolved "https://registry.yarnpkg.com/vis-uuid/-/vis-uuid-1.1.3.tgz#2f53ff35e9e026b0ec93bc433ce685c40c2f784c"
  integrity sha512-2B6XdY1bkzbUh+TugmnAaFa61KO9R5pzBzIuFIm8a9FrkbxIdSmQXV+FbfkL8QunkQV/bT0JDLQ2puqCS2+0Og==

vis-uuid@1.1.4:
  version "1.1.4"
  resolved "https://registry.yarnpkg.com/vis-uuid/-/vis-uuid-1.1.4.tgz#83beb27b01230067383b925b6e15084dd8bae6d5"
  integrity sha512-ODyfCeFSzVQtLzS7d8NEoWoLK1YJKNcpNEek3ZyorSd0QCm0w8rSnsB18IUmauXbBpTB5AN8xTREW/rgnUf31w==
